// !$*UTF8*$!
{
	archiveVersion = 1;
	classes = {
	};
	objectVersion = 46;
	objects = {

/* Begin PBXBuildFile section */
		CCA887A01C1C163D0093B546 /* main.m in Sources */ = {isa = PBXBuildFile; fileRef = CCA8879F1C1C163D0093B546 /* main.m */; };
		CCA887A31C1C163D0093B546 /* AppDelegate.m in Sources */ = {isa = PBXBuildFile; fileRef = CCA887A21C1C163D0093B546 /* AppDelegate.m */; };
		CCA887A61C1C163D0093B546 /* ViewController.m in Sources */ = {isa = PBXBuildFile; fileRef = CCA887A51C1C163D0093B546 /* ViewController.m */; };
		CCA887A91C1C163D0093B546 /* Main.storyboard in Resources */ = {isa = PBXBuildFile; fileRef = CCA887A71C1C163D0093B546 /* Main.storyboard */; };
		CCA887AB1C1C163D0093B546 /* Assets.xcassets in Resources */ = {isa = PBXBuildFile; fileRef = CCA887AA1C1C163D0093B546 /* Assets.xcassets */; };
		CCA887AE1C1C163D0093B546 /* LaunchScreen.storyboard in Resources */ = {isa = PBXBuildFile; fileRef = CCA887AC1C1C163D0093B546 /* LaunchScreen.storyboard */; };
		CCA887B91C1C163D0093B546 /* ASimpleAudioPlayerTests.m in Sources */ = {isa = PBXBuildFile; fileRef = CCA887B81C1C163D0093B546 /* ASimpleAudioPlayerTests.m */; };
		CCA887C41C1C163D0093B546 /* ASimpleAudioPlayerUITests.m in Sources */ = {isa = PBXBuildFile; fileRef = CCA887C31C1C163D0093B546 /* ASimpleAudioPlayerUITests.m */; };
		CCD01D701C204BC000C227F1 /* point1.png in Resources */ = {isa = PBXBuildFile; fileRef = CCD01D6E1C204BC000C227F1 /* point1.png */; };
		CCD01D711C204BC000C227F1 /* point2.png in Resources */ = {isa = PBXBuildFile; fileRef = CCD01D6F1C204BC000C227F1 /* point2.png */; };
		CCDBC1161C1D4429000E9AEA /* next_nor.png in Resources */ = {isa = PBXBuildFile; fileRef = CCDBC10A1C1D4429000E9AEA /* next_nor.png */; };
		CCDBC1171C1D4429000E9AEA /* next_press.png in Resources */ = {isa = PBXBuildFile; fileRef = CCDBC10B1C1D4429000E9AEA /* next_press.png */; };
		CCDBC1181C1D4429000E9AEA /* pause_nor.png in Resources */ = {isa = PBXBuildFile; fileRef = CCDBC10C1C1D4429000E9AEA /* pause_nor.png */; };
		CCDBC1191C1D4429000E9AEA /* pause_press.png in Resources */ = {isa = PBXBuildFile; fileRef = CCDBC10D1C1D4429000E9AEA /* pause_press.png */; };
		CCDBC11A1C1D4429000E9AEA /* play_nor.png in Resources */ = {isa = PBXBuildFile; fileRef = CCDBC10E1C1D4429000E9AEA /* play_nor.png */; };
		CCDBC11B1C1D4429000E9AEA /* play_press.png in Resources */ = {isa = PBXBuildFile; fileRef = CCDBC10F1C1D4429000E9AEA /* play_press.png */; };
		CCDBC11C1C1D4429000E9AEA /* prev_nor.png in Resources */ = {isa = PBXBuildFile; fileRef = CCDBC1101C1D4429000E9AEA /* prev_nor.png */; };
		CCDBC11D1C1D4429000E9AEA /* prev_press.png in Resources */ = {isa = PBXBuildFile; fileRef = CCDBC1111C1D4429000E9AEA /* prev_press.png */; };
		CCDBC11E1C1D4429000E9AEA /* progress_all.png in Resources */ = {isa = PBXBuildFile; fileRef = CCDBC1121C1D4429000E9AEA /* progress_all.png */; };
		CCDBC11F1C1D4429000E9AEA /* progress_did.png in Resources */ = {isa = PBXBuildFile; fileRef = CCDBC1131C1D4429000E9AEA /* progress_did.png */; };
		CCDBC1201C1D4429000E9AEA /* volume_max.png in Resources */ = {isa = PBXBuildFile; fileRef = CCDBC1141C1D4429000E9AEA /* volume_max.png */; };
		CCDBC1211C1D4429000E9AEA /* volume_min.png in Resources */ = {isa = PBXBuildFile; fileRef = CCDBC1151C1D4429000E9AEA /* volume_min.png */; };
		CCDBC1251C1D45D8000E9AEA /* PlayVC.m in Sources */ = {isa = PBXBuildFile; fileRef = CCDBC1241C1D45D8000E9AEA /* PlayVC.m */; };
		CCDBC1281C1D460E000E9AEA /* SongListVC.m in Sources */ = {isa = PBXBuildFile; fileRef = CCDBC1271C1D460E000E9AEA /* SongListVC.m */; };
		CCDBC12B1C1D493D000E9AEA /* 演员.mp3 in Resources */ = {isa = PBXBuildFile; fileRef = CCDBC12A1C1D493D000E9AEA /* 演员.mp3 */; };
		CCDBC12D1C1D496E000E9AEA /* 演员.lrc in Resources */ = {isa = PBXBuildFile; fileRef = CCDBC12C1C1D496E000E9AEA /* 演员.lrc */; };
		CCDBC1311C1D5328000E9AEA /* LrcDecode.m in Sources */ = {isa = PBXBuildFile; fileRef = CCDBC1301C1D5328000E9AEA /* LrcDecode.m */; };
		CCDBC1371C1D9AD4000E9AEA /* 当你老了.lrc in Resources */ = {isa = PBXBuildFile; fileRef = CCDBC1321C1D9AD4000E9AEA /* 当你老了.lrc */; };
		CCDBC1381C1D9AD4000E9AEA /* 当你老了.mp3 in Resources */ = {isa = PBXBuildFile; fileRef = CCDBC1331C1D9AD4000E9AEA /* 当你老了.mp3 */; };
		CCDBC1391C1D9AD4000E9AEA /* 红颜劫.mp3 in Resources */ = {isa = PBXBuildFile; fileRef = CCDBC1341C1D9AD4000E9AEA /* 红颜劫.mp3 */; };
		CCDBC13A1C1D9AD4000E9AEA /* 时间都去哪儿了.lrc in Resources */ = {isa = PBXBuildFile; fileRef = CCDBC1351C1D9AD4000E9AEA /* 时间都去哪儿了.lrc */; };
		CCDBC13B1C1D9AD4000E9AEA /* 时间都去哪儿了.mp3 in Resources */ = {isa = PBXBuildFile; fileRef = CCDBC1361C1D9AD4000E9AEA /* 时间都去哪儿了.mp3 */; };
		CCDBC13D1C1D9AF5000E9AEA /* 红颜劫.lrc in Resources */ = {isa = PBXBuildFile; fileRef = CCDBC13C1C1D9AF5000E9AEA /* 红颜劫.lrc */; };
		CCF8BE841C1E680200064EC6 /* 千寻3.JPG in Resources */ = {isa = PBXBuildFile; fileRef = CCF8BE831C1E680200064EC6 /* 千寻3.JPG */; };
		CCF8BE881C1E6D4500064EC6 /* bg.jpg in Resources */ = {isa = PBXBuildFile; fileRef = CCF8BE871C1E6D4500064EC6 /* bg.jpg */; };
		CCF8BE8E1C1EE4C100064EC6 /* SongModel.m in Sources */ = {isa = PBXBuildFile; fileRef = CCF8BE8D1C1EE4C100064EC6 /* SongModel.m */; };
		CCF8BE901C1EE54600064EC6 /* SongsInfos.plist in Resources */ = {isa = PBXBuildFile; fileRef = CCF8BE8F1C1EE54600064EC6 /* SongsInfos.plist */; };
		CCF8BE931C1EE70800064EC6 /* SongListHandle.m in Sources */ = {isa = PBXBuildFile; fileRef = CCF8BE921C1EE70800064EC6 /* SongListHandle.m */; };
		CCF8BE961C1EEC5500064EC6 /* SongPlayer.m in Sources */ = {isa = PBXBuildFile; fileRef = CCF8BE951C1EEC5500064EC6 /* SongPlayer.m */; };
		CCF8BE9A1C1F079900064EC6 /* repeat_one_normal.png in Resources */ = {isa = PBXBuildFile; fileRef = CCF8BE971C1F079900064EC6 /* repeat_one_normal.png */; };
		CCF8BE9B1C1F079900064EC6 /* sequent_normal.png in Resources */ = {isa = PBXBuildFile; fileRef = CCF8BE981C1F079900064EC6 /* sequent_normal.png */; };
		CCF8BE9C1C1F079900064EC6 /* shuffle_normal.png in Resources */ = {isa = PBXBuildFile; fileRef = CCF8BE991C1F079900064EC6 /* shuffle_normal.png */; };
/* End PBXBuildFile section */

/* Begin PBXContainerItemProxy section */
		CCA887B51C1C163D0093B546 /* PBXContainerItemProxy */ = {
			isa = PBXContainerItemProxy;
			containerPortal = CCA887931C1C163D0093B546 /* Project object */;
			proxyType = 1;
			remoteGlobalIDString = CCA8879A1C1C163D0093B546;
			remoteInfo = ASimpleAudioPlayer;
		};
		CCA887C01C1C163D0093B546 /* PBXContainerItemProxy */ = {
			isa = PBXContainerItemProxy;
			containerPortal = CCA887931C1C163D0093B546 /* Project object */;
			proxyType = 1;
			remoteGlobalIDString = CCA8879A1C1C163D0093B546;
			remoteInfo = ASimpleAudioPlayer;
		};
/* End PBXContainerItemProxy section */

/* Begin PBXFileReference section */
		CCA8879B1C1C163D0093B546 /* ASimpleAudioPlayer.app */ = {isa = PBXFileReference; explicitFileType = wrapper.application; includeInIndex = 0; path = ASimpleAudioPlayer.app; sourceTree = BUILT_PRODUCTS_DIR; };
		CCA8879F1C1C163D0093B546 /* main.m */ = {isa = PBXFileReference; lastKnownFileType = sourcecode.c.objc; path = main.m; sourceTree = "<group>"; };
		CCA887A11C1C163D0093B546 /* AppDelegate.h */ = {isa = PBXFileReference; lastKnownFileType = sourcecode.c.h; path = AppDelegate.h; sourceTree = "<group>"; };
		CCA887A21C1C163D0093B546 /* AppDelegate.m */ = {isa = PBXFileReference; lastKnownFileType = sourcecode.c.objc; path = AppDelegate.m; sourceTree = "<group>"; };
		CCA887A41C1C163D0093B546 /* ViewController.h */ = {isa = PBXFileReference; lastKnownFileType = sourcecode.c.h; path = ViewController.h; sourceTree = "<group>"; };
		CCA887A51C1C163D0093B546 /* ViewController.m */ = {isa = PBXFileReference; lastKnownFileType = sourcecode.c.objc; path = ViewController.m; sourceTree = "<group>"; };
		CCA887A81C1C163D0093B546 /* Base */ = {isa = PBXFileReference; lastKnownFileType = file.storyboard; name = Base; path = Base.lproj/Main.storyboard; sourceTree = "<group>"; };
		CCA887AA1C1C163D0093B546 /* Assets.xcassets */ = {isa = PBXFileReference; lastKnownFileType = folder.assetcatalog; path = Assets.xcassets; sourceTree = "<group>"; };
		CCA887AD1C1C163D0093B546 /* Base */ = {isa = PBXFileReference; lastKnownFileType = file.storyboard; name = Base; path = Base.lproj/LaunchScreen.storyboard; sourceTree = "<group>"; };
		CCA887AF1C1C163D0093B546 /* Info.plist */ = {isa = PBXFileReference; lastKnownFileType = text.plist.xml; path = Info.plist; sourceTree = "<group>"; };
		CCA887B41C1C163D0093B546 /* ASimpleAudioPlayerTests.xctest */ = {isa = PBXFileReference; explicitFileType = wrapper.cfbundle; includeInIndex = 0; path = ASimpleAudioPlayerTests.xctest; sourceTree = BUILT_PRODUCTS_DIR; };
		CCA887B81C1C163D0093B546 /* ASimpleAudioPlayerTests.m */ = {isa = PBXFileReference; lastKnownFileType = sourcecode.c.objc; path = ASimpleAudioPlayerTests.m; sourceTree = "<group>"; };
		CCA887BA1C1C163D0093B546 /* Info.plist */ = {isa = PBXFileReference; lastKnownFileType = text.plist.xml; path = Info.plist; sourceTree = "<group>"; };
		CCA887BF1C1C163D0093B546 /* ASimpleAudioPlayerUITests.xctest */ = {isa = PBXFileReference; explicitFileType = wrapper.cfbundle; includeInIndex = 0; path = ASimpleAudioPlayerUITests.xctest; sourceTree = BUILT_PRODUCTS_DIR; };
		CCA887C31C1C163D0093B546 /* ASimpleAudioPlayerUITests.m */ = {isa = PBXFileReference; lastKnownFileType = sourcecode.c.objc; path = ASimpleAudioPlayerUITests.m; sourceTree = "<group>"; };
		CCA887C51C1C163D0093B546 /* Info.plist */ = {isa = PBXFileReference; lastKnownFileType = text.plist.xml; path = Info.plist; sourceTree = "<group>"; };
		CCD01D6E1C204BC000C227F1 /* point1.png */ = {isa = PBXFileReference; lastKnownFileType = image.png; path = point1.png; sourceTree = "<group>"; };
		CCD01D6F1C204BC000C227F1 /* point2.png */ = {isa = PBXFileReference; lastKnownFileType = image.png; path = point2.png; sourceTree = "<group>"; };
		CCDBC10A1C1D4429000E9AEA /* next_nor.png */ = {isa = PBXFileReference; lastKnownFileType = image.png; path = next_nor.png; sourceTree = "<group>"; };
		CCDBC10B1C1D4429000E9AEA /* next_press.png */ = {isa = PBXFileReference; lastKnownFileType = image.png; path = next_press.png; sourceTree = "<group>"; };
		CCDBC10C1C1D4429000E9AEA /* pause_nor.png */ = {isa = PBXFileReference; lastKnownFileType = image.png; path = pause_nor.png; sourceTree = "<group>"; };
		CCDBC10D1C1D4429000E9AEA /* pause_press.png */ = {isa = PBXFileReference; lastKnownFileType = image.png; path = pause_press.png; sourceTree = "<group>"; };
		CCDBC10E1C1D4429000E9AEA /* play_nor.png */ = {isa = PBXFileReference; lastKnownFileType = image.png; path = play_nor.png; sourceTree = "<group>"; };
		CCDBC10F1C1D4429000E9AEA /* play_press.png */ = {isa = PBXFileReference; lastKnownFileType = image.png; path = play_press.png; sourceTree = "<group>"; };
		CCDBC1101C1D4429000E9AEA /* prev_nor.png */ = {isa = PBXFileReference; lastKnownFileType = image.png; path = prev_nor.png; sourceTree = "<group>"; };
		CCDBC1111C1D4429000E9AEA /* prev_press.png */ = {isa = PBXFileReference; lastKnownFileType = image.png; path = prev_press.png; sourceTree = "<group>"; };
		CCDBC1121C1D4429000E9AEA /* progress_all.png */ = {isa = PBXFileReference; lastKnownFileType = image.png; path = progress_all.png; sourceTree = "<group>"; };
		CCDBC1131C1D4429000E9AEA /* progress_did.png */ = {isa = PBXFileReference; lastKnownFileType = image.png; path = progress_did.png; sourceTree = "<group>"; };
		CCDBC1141C1D4429000E9AEA /* volume_max.png */ = {isa = PBXFileReference; lastKnownFileType = image.png; path = volume_max.png; sourceTree = "<group>"; };
		CCDBC1151C1D4429000E9AEA /* volume_min.png */ = {isa = PBXFileReference; lastKnownFileType = image.png; path = volume_min.png; sourceTree = "<group>"; };
		CCDBC1231C1D45D8000E9AEA /* PlayVC.h */ = {isa = PBXFileReference; fileEncoding = 4; lastKnownFileType = sourcecode.c.h; path = PlayVC.h; sourceTree = "<group>"; };
		CCDBC1241C1D45D8000E9AEA /* PlayVC.m */ = {isa = PBXFileReference; fileEncoding = 4; lastKnownFileType = sourcecode.c.objc; path = PlayVC.m; sourceTree = "<group>"; };
		CCDBC1261C1D460E000E9AEA /* SongListVC.h */ = {isa = PBXFileReference; fileEncoding = 4; lastKnownFileType = sourcecode.c.h; path = SongListVC.h; sourceTree = "<group>"; };
		CCDBC1271C1D460E000E9AEA /* SongListVC.m */ = {isa = PBXFileReference; fileEncoding = 4; lastKnownFileType = sourcecode.c.objc; path = SongListVC.m; sourceTree = "<group>"; };
		CCDBC12A1C1D493D000E9AEA /* 演员.mp3 */ = {isa = PBXFileReference; lastKnownFileType = audio.mp3; path = "演员.mp3"; sourceTree = "<group>"; };
		CCDBC12C1C1D496E000E9AEA /* 演员.lrc */ = {isa = PBXFileReference; fileEncoding = 4; lastKnownFileType = text; path = "演员.lrc"; sourceTree = "<group>"; };
		CCDBC12F1C1D5328000E9AEA /* LrcDecode.h */ = {isa = PBXFileReference; fileEncoding = 4; lastKnownFileType = sourcecode.c.h; path = LrcDecode.h; sourceTree = "<group>"; };
		CCDBC1301C1D5328000E9AEA /* LrcDecode.m */ = {isa = PBXFileReference; fileEncoding = 4; lastKnownFileType = sourcecode.c.objc; path = LrcDecode.m; sourceTree = "<group>"; };
		CCDBC1321C1D9AD4000E9AEA /* 当你老了.lrc */ = {isa = PBXFileReference; fileEncoding = 4; lastKnownFileType = text; path = "当你老了.lrc"; sourceTree = "<group>"; };
		CCDBC1331C1D9AD4000E9AEA /* 当你老了.mp3 */ = {isa = PBXFileReference; lastKnownFileType = audio.mp3; path = "当你老了.mp3"; sourceTree = "<group>"; };
		CCDBC1341C1D9AD4000E9AEA /* 红颜劫.mp3 */ = {isa = PBXFileReference; lastKnownFileType = audio.mp3; path = "红颜劫.mp3"; sourceTree = "<group>"; };
		CCDBC1351C1D9AD4000E9AEA /* 时间都去哪儿了.lrc */ = {isa = PBXFileReference; fileEncoding = 4; lastKnownFileType = text; path = "时间都去哪儿了.lrc"; sourceTree = "<group>"; };
		CCDBC1361C1D9AD4000E9AEA /* 时间都去哪儿了.mp3 */ = {isa = PBXFileReference; lastKnownFileType = audio.mp3; path = "时间都去哪儿了.mp3"; sourceTree = "<group>"; };
		CCDBC13C1C1D9AF5000E9AEA /* 红颜劫.lrc */ = {isa = PBXFileReference; fileEncoding = 4; lastKnownFileType = text; path = "红颜劫.lrc"; sourceTree = "<group>"; };
		CCF8BE831C1E680200064EC6 /* 千寻3.JPG */ = {isa = PBXFileReference; lastKnownFileType = image.jpeg; path = "千寻3.JPG"; sourceTree = "<group>"; };
		CCF8BE871C1E6D4500064EC6 /* bg.jpg */ = {isa = PBXFileReference; lastKnownFileType = image.jpeg; path = bg.jpg; sourceTree = "<group>"; };
		CCF8BE8C1C1EE4C100064EC6 /* SongModel.h */ = {isa = PBXFileReference; fileEncoding = 4; lastKnownFileType = sourcecode.c.h; path = SongModel.h; sourceTree = "<group>"; };
		CCF8BE8D1C1EE4C100064EC6 /* SongModel.m */ = {isa = PBXFileReference; fileEncoding = 4; lastKnownFileType = sourcecode.c.objc; path = SongModel.m; sourceTree = "<group>"; };
		CCF8BE8F1C1EE54600064EC6 /* SongsInfos.plist */ = {isa = PBXFileReference; fileEncoding = 4; lastKnownFileType = text.plist.xml; path = SongsInfos.plist; sourceTree = "<group>"; };
		CCF8BE911C1EE70800064EC6 /* SongListHandle.h */ = {isa = PBXFileReference; fileEncoding = 4; lastKnownFileType = sourcecode.c.h; path = SongListHandle.h; sourceTree = "<group>"; };
		CCF8BE921C1EE70800064EC6 /* SongListHandle.m */ = {isa = PBXFileReference; fileEncoding = 4; lastKnownFileType = sourcecode.c.objc; path = SongListHandle.m; sourceTree = "<group>"; };
		CCF8BE941C1EEC5500064EC6 /* SongPlayer.h */ = {isa = PBXFileReference; fileEncoding = 4; lastKnownFileType = sourcecode.c.h; path = SongPlayer.h; sourceTree = "<group>"; };
		CCF8BE951C1EEC5500064EC6 /* SongPlayer.m */ = {isa = PBXFileReference; fileEncoding = 4; lastKnownFileType = sourcecode.c.objc; path = SongPlayer.m; sourceTree = "<group>"; };
		CCF8BE971C1F079900064EC6 /* repeat_one_normal.png */ = {isa = PBXFileReference; lastKnownFileType = image.png; path = repeat_one_normal.png; sourceTree = "<group>"; };
		CCF8BE981C1F079900064EC6 /* sequent_normal.png */ = {isa = PBXFileReference; lastKnownFileType = image.png; path = sequent_normal.png; sourceTree = "<group>"; };
		CCF8BE991C1F079900064EC6 /* shuffle_normal.png */ = {isa = PBXFileReference; lastKnownFileType = image.png; path = shuffle_normal.png; sourceTree = "<group>"; };
/* End PBXFileReference section */

/* Begin PBXFrameworksBuildPhase section */
		CCA887981C1C163D0093B546 /* Frameworks */ = {
			isa = PBXFrameworksBuildPhase;
			buildActionMask = 2147483647;
			files = (
			);
			runOnlyForDeploymentPostprocessing = 0;
		};
		CCA887B11C1C163D0093B546 /* Frameworks */ = {
			isa = PBXFrameworksBuildPhase;
			buildActionMask = 2147483647;
			files = (
			);
			runOnlyForDeploymentPostprocessing = 0;
		};
		CCA887BC1C1C163D0093B546 /* Frameworks */ = {
			isa = PBXFrameworksBuildPhase;
			buildActionMask = 2147483647;
			files = (
			);
			runOnlyForDeploymentPostprocessing = 0;
		};
/* End PBXFrameworksBuildPhase section */

/* Begin PBXGroup section */
		CCA887921C1C163D0093B546 = {
			isa = PBXGroup;
			children = (
				CCA8879D1C1C163D0093B546 /* ASimpleAudioPlayer */,
				CCA887B71C1C163D0093B546 /* ASimpleAudioPlayerTests */,
				CCA887C21C1C163D0093B546 /* ASimpleAudioPlayerUITests */,
				CCA8879C1C1C163D0093B546 /* Products */,
			);
			sourceTree = "<group>";
		};
		CCA8879C1C1C163D0093B546 /* Products */ = {
			isa = PBXGroup;
			children = (
				CCA8879B1C1C163D0093B546 /* ASimpleAudioPlayer.app */,
				CCA887B41C1C163D0093B546 /* ASimpleAudioPlayerTests.xctest */,
				CCA887BF1C1C163D0093B546 /* ASimpleAudioPlayerUITests.xctest */,
			);
			name = Products;
			sourceTree = "<group>";
		};
		CCA8879D1C1C163D0093B546 /* ASimpleAudioPlayer */ = {
			isa = PBXGroup;
			children = (
				CCF8BE8B1C1EE3C000064EC6 /* Models */,
				CCF8BE8A1C1EE3B500064EC6 /* Views */,
				CCDBC1221C1D4583000E9AEA /* Controllers */,
				CCDBC12E1C1D5217000E9AEA /* Tools */,
				CCF8BE891C1EE31B00064EC6 /* Others */,
				CCA8879E1C1C163D0093B546 /* Supporting Files */,
			);
			path = ASimpleAudioPlayer;
			sourceTree = "<group>";
		};
		CCA8879E1C1C163D0093B546 /* Supporting Files */ = {
			isa = PBXGroup;
			children = (
				CCDBC1291C1D4911000E9AEA /* SongsAndLrcs */,
				CCDBC1091C1D4429000E9AEA /* MyPlayerImage */,
				CCA8879F1C1C163D0093B546 /* main.m */,
				CCA887A11C1C163D0093B546 /* AppDelegate.h */,
				CCA887A21C1C163D0093B546 /* AppDelegate.m */,
				CCA887AA1C1C163D0093B546 /* Assets.xcassets */,
				CCA887AC1C1C163D0093B546 /* LaunchScreen.storyboard */,
				CCA887AF1C1C163D0093B546 /* Info.plist */,
			);
			name = "Supporting Files";
			sourceTree = "<group>";
		};
		CCA887B71C1C163D0093B546 /* ASimpleAudioPlayerTests */ = {
			isa = PBXGroup;
			children = (
				CCA887B81C1C163D0093B546 /* ASimpleAudioPlayerTests.m */,
				CCA887BA1C1C163D0093B546 /* Info.plist */,
			);
			path = ASimpleAudioPlayerTests;
			sourceTree = "<group>";
		};
		CCA887C21C1C163D0093B546 /* ASimpleAudioPlayerUITests */ = {
			isa = PBXGroup;
			children = (
				CCA887C31C1C163D0093B546 /* ASimpleAudioPlayerUITests.m */,
				CCA887C51C1C163D0093B546 /* Info.plist */,
			);
			path = ASimpleAudioPlayerUITests;
			sourceTree = "<group>";
		};
		CCDBC1091C1D4429000E9AEA /* MyPlayerImage */ = {
			isa = PBXGroup;
			children = (
				CCF8BE871C1E6D4500064EC6 /* bg.jpg */,
				CCF8BE831C1E680200064EC6 /* 千寻3.JPG */,
				CCDBC10A1C1D4429000E9AEA /* next_nor.png */,
				CCDBC10B1C1D4429000E9AEA /* next_press.png */,
				CCDBC10C1C1D4429000E9AEA /* pause_nor.png */,
				CCDBC10D1C1D4429000E9AEA /* pause_press.png */,
				CCDBC10E1C1D4429000E9AEA /* play_nor.png */,
				CCDBC10F1C1D4429000E9AEA /* play_press.png */,
				CCDBC1101C1D4429000E9AEA /* prev_nor.png */,
				CCDBC1111C1D4429000E9AEA /* prev_press.png */,
				CCDBC1121C1D4429000E9AEA /* progress_all.png */,
				CCDBC1131C1D4429000E9AEA /* progress_did.png */,
				CCDBC1141C1D4429000E9AEA /* volume_max.png */,
				CCDBC1151C1D4429000E9AEA /* volume_min.png */,
				CCF8BE971C1F079900064EC6 /* repeat_one_normal.png */,
				CCF8BE981C1F079900064EC6 /* sequent_normal.png */,
				CCF8BE991C1F079900064EC6 /* shuffle_normal.png */,
				CCD01D6E1C204BC000C227F1 /* point1.png */,
				CCD01D6F1C204BC000C227F1 /* point2.png */,
			);
			path = MyPlayerImage;
			sourceTree = "<group>";
		};
		CCDBC1221C1D4583000E9AEA /* Controllers */ = {
			isa = PBXGroup;
			children = (
				CCA887A41C1C163D0093B546 /* ViewController.h */,
				CCA887A51C1C163D0093B546 /* ViewController.m */,
				CCDBC1261C1D460E000E9AEA /* SongListVC.h */,
				CCDBC1271C1D460E000E9AEA /* SongListVC.m */,
				CCDBC1231C1D45D8000E9AEA /* PlayVC.h */,
				CCDBC1241C1D45D8000E9AEA /* PlayVC.m */,
			);
			name = Controllers;
			sourceTree = "<group>";
		};
		CCDBC1291C1D4911000E9AEA /* SongsAndLrcs */ = {
			isa = PBXGroup;
			children = (
				CCF8BE8F1C1EE54600064EC6 /* SongsInfos.plist */,
				CCDBC1321C1D9AD4000E9AEA /* 当你老了.lrc */,
				CCDBC1331C1D9AD4000E9AEA /* 当你老了.mp3 */,
				CCDBC1341C1D9AD4000E9AEA /* 红颜劫.mp3 */,
				CCDBC13C1C1D9AF5000E9AEA /* 红颜劫.lrc */,
				CCDBC1351C1D9AD4000E9AEA /* 时间都去哪儿了.lrc */,
				CCDBC1361C1D9AD4000E9AEA /* 时间都去哪儿了.mp3 */,
				CCDBC12A1C1D493D000E9AEA /* 演员.mp3 */,
				CCDBC12C1C1D496E000E9AEA /* 演员.lrc */,
			);
			name = SongsAndLrcs;
			sourceTree = "<group>";
		};
		CCDBC12E1C1D5217000E9AEA /* Tools */ = {
			isa = PBXGroup;
			children = (
				CCDBC12F1C1D5328000E9AEA /* LrcDecode.h */,
				CCDBC1301C1D5328000E9AEA /* LrcDecode.m */,
				CCF8BE911C1EE70800064EC6 /* SongListHandle.h */,
				CCF8BE921C1EE70800064EC6 /* SongListHandle.m */,
				CCF8BE941C1EEC5500064EC6 /* SongPlayer.h */,
				CCF8BE951C1EEC5500064EC6 /* SongPlayer.m */,
			);
			name = Tools;
			sourceTree = "<group>";
		};
		CCF8BE891C1EE31B00064EC6 /* Others */ = {
			isa = PBXGroup;
			children = (
			);
			name = Others;
			sourceTree = "<group>";
		};
		CCF8BE8A1C1EE3B500064EC6 /* Views */ = {
			isa = PBXGroup;
			children = (
				CCA887A71C1C163D0093B546 /* Main.storyboard */,
			);
			name = Views;
			sourceTree = "<group>";
		};
		CCF8BE8B1C1EE3C000064EC6 /* Models */ = {
			isa = PBXGroup;
			children = (
				CCF8BE8C1C1EE4C100064EC6 /* SongModel.h */,
				CCF8BE8D1C1EE4C100064EC6 /* SongModel.m */,
			);
			name = Models;
			sourceTree = "<group>";
		};
/* End PBXGroup section */

/* Begin PBXNativeTarget section */
		CCA8879A1C1C163D0093B546 /* ASimpleAudioPlayer */ = {
			isa = PBXNativeTarget;
			buildConfigurationList = CCA887C81C1C163D0093B546 /* Build configuration list for PBXNativeTarget "ASimpleAudioPlayer" */;
			buildPhases = (
				CCA887971C1C163D0093B546 /* Sources */,
				CCA887981C1C163D0093B546 /* Frameworks */,
				CCA887991C1C163D0093B546 /* Resources */,
			);
			buildRules = (
			);
			dependencies = (
			);
			name = ASimpleAudioPlayer;
			productName = ASimpleAudioPlayer;
			productReference = CCA8879B1C1C163D0093B546 /* ASimpleAudioPlayer.app */;
			productType = "com.apple.product-type.application";
		};
		CCA887B31C1C163D0093B546 /* ASimpleAudioPlayerTests */ = {
			isa = PBXNativeTarget;
			buildConfigurationList = CCA887CB1C1C163D0093B546 /* Build configuration list for PBXNativeTarget "ASimpleAudioPlayerTests" */;
			buildPhases = (
				CCA887B01C1C163D0093B546 /* Sources */,
				CCA887B11C1C163D0093B546 /* Frameworks */,
				CCA887B21C1C163D0093B546 /* Resources */,
			);
			buildRules = (
			);
			dependencies = (
				CCA887B61C1C163D0093B546 /* PBXTargetDependency */,
			);
			name = ASimpleAudioPlayerTests;
			productName = ASimpleAudioPlayerTests;
			productReference = CCA887B41C1C163D0093B546 /* ASimpleAudioPlayerTests.xctest */;
			productType = "com.apple.product-type.bundle.unit-test";
		};
		CCA887BE1C1C163D0093B546 /* ASimpleAudioPlayerUITests */ = {
			isa = PBXNativeTarget;
			buildConfigurationList = CCA887CE1C1C163D0093B546 /* Build configuration list for PBXNativeTarget "ASimpleAudioPlayerUITests" */;
			buildPhases = (
				CCA887BB1C1C163D0093B546 /* Sources */,
				CCA887BC1C1C163D0093B546 /* Frameworks */,
				CCA887BD1C1C163D0093B546 /* Resources */,
			);
			buildRules = (
			);
			dependencies = (
				CCA887C11C1C163D0093B546 /* PBXTargetDependency */,
			);
			name = ASimpleAudioPlayerUITests;
			productName = ASimpleAudioPlayerUITests;
			productReference = CCA887BF1C1C163D0093B546 /* ASimpleAudioPlayerUITests.xctest */;
			productType = "com.apple.product-type.bundle.ui-testing";
		};
/* End PBXNativeTarget section */

/* Begin PBXProject section */
		CCA887931C1C163D0093B546 /* Project object */ = {
			isa = PBXProject;
			attributes = {
				LastUpgradeCheck = 0720;
				ORGANIZATIONNAME = "Sky-jay";
				TargetAttributes = {
					CCA8879A1C1C163D0093B546 = {
						CreatedOnToolsVersion = 7.2;
					};
					CCA887B31C1C163D0093B546 = {
						CreatedOnToolsVersion = 7.2;
						TestTargetID = CCA8879A1C1C163D0093B546;
					};
					CCA887BE1C1C163D0093B546 = {
						CreatedOnToolsVersion = 7.2;
						TestTargetID = CCA8879A1C1C163D0093B546;
					};
				};
			};
			buildConfigurationList = CCA887961C1C163D0093B546 /* Build configuration list for PBXProject "ASimpleAudioPlayer" */;
			compatibilityVersion = "Xcode 3.2";
			developmentRegion = English;
			hasScannedForEncodings = 0;
			knownRegions = (
				en,
				Base,
			);
			mainGroup = CCA887921C1C163D0093B546;
			productRefGroup = CCA8879C1C1C163D0093B546 /* Products */;
			projectDirPath = "";
			projectRoot = "";
			targets = (
				CCA8879A1C1C163D0093B546 /* ASimpleAudioPlayer */,
				CCA887B31C1C163D0093B546 /* ASimpleAudioPlayerTests */,
				CCA887BE1C1C163D0093B546 /* ASimpleAudioPlayerUITests */,
			);
		};
/* End PBXProject section */

/* Begin PBXResourcesBuildPhase section */
		CCA887991C1C163D0093B546 /* Resources */ = {
			isa = PBXResourcesBuildPhase;
			buildActionMask = 2147483647;
			files = (
				CCDBC13B1C1D9AD4000E9AEA /* 时间都去哪儿了.mp3 in Resources */,
				CCDBC1381C1D9AD4000E9AEA /* 当你老了.mp3 in Resources */,
				CCF8BE9B1C1F079900064EC6 /* sequent_normal.png in Resources */,
				CCDBC1161C1D4429000E9AEA /* next_nor.png in Resources */,
				CCDBC11A1C1D4429000E9AEA /* play_nor.png in Resources */,
				CCDBC11E1C1D4429000E9AEA /* progress_all.png in Resources */,
				CCDBC1371C1D9AD4000E9AEA /* 当你老了.lrc in Resources */,
				CCD01D711C204BC000C227F1 /* point2.png in Resources */,
				CCDBC11D1C1D4429000E9AEA /* prev_press.png in Resources */,
				CCDBC1391C1D9AD4000E9AEA /* 红颜劫.mp3 in Resources */,
				CCA887AE1C1C163D0093B546 /* LaunchScreen.storyboard in Resources */,
				CCDBC1171C1D4429000E9AEA /* next_press.png in Resources */,
				CCDBC1201C1D4429000E9AEA /* volume_max.png in Resources */,
				CCA887AB1C1C163D0093B546 /* Assets.xcassets in Resources */,
				CCDBC11C1C1D4429000E9AEA /* prev_nor.png in Resources */,
				CCDBC11F1C1D4429000E9AEA /* progress_did.png in Resources */,
				CCDBC1191C1D4429000E9AEA /* pause_press.png in Resources */,
				CCF8BE841C1E680200064EC6 /* 千寻3.JPG in Resources */,
				CCDBC13D1C1D9AF5000E9AEA /* 红颜劫.lrc in Resources */,
				CCF8BE9A1C1F079900064EC6 /* repeat_one_normal.png in Resources */,
				CCF8BE9C1C1F079900064EC6 /* shuffle_normal.png in Resources */,
				CCA887A91C1C163D0093B546 /* Main.storyboard in Resources */,
				CCDBC12B1C1D493D000E9AEA /* 演员.mp3 in Resources */,
				CCDBC1211C1D4429000E9AEA /* volume_min.png in Resources */,
				CCF8BE881C1E6D4500064EC6 /* bg.jpg in Resources */,
				CCF8BE901C1EE54600064EC6 /* SongsInfos.plist in Resources */,
				CCDBC13A1C1D9AD4000E9AEA /* 时间都去哪儿了.lrc in Resources */,
				CCD01D701C204BC000C227F1 /* point1.png in Resources */,
				CCDBC1181C1D4429000E9AEA /* pause_nor.png in Resources */,
				CCDBC12D1C1D496E000E9AEA /* 演员.lrc in Resources */,
				CCDBC11B1C1D4429000E9AEA /* play_press.png in Resources */,
			);
			runOnlyForDeploymentPostprocessing = 0;
		};
		CCA887B21C1C163D0093B546 /* Resources */ = {
			isa = PBXResourcesBuildPhase;
			buildActionMask = 2147483647;
			files = (
			);
			runOnlyForDeploymentPostprocessing = 0;
		};
		CCA887BD1C1C163D0093B546 /* Resources */ = {
			isa = PBXResourcesBuildPhase;
			buildActionMask = 2147483647;
			files = (
			);
			runOnlyForDeploymentPostprocessing = 0;
		};
/* End PBXResourcesBuildPhase section */

/* Begin PBXSourcesBuildPhase section */
		CCA887971C1C163D0093B546 /* Sources */ = {
			isa = PBXSourcesBuildPhase;
			buildActionMask = 2147483647;
			files = (
				CCA887A61C1C163D0093B546 /* ViewController.m in Sources */,
				CCDBC1281C1D460E000E9AEA /* SongListVC.m in Sources */,
				CCF8BE931C1EE70800064EC6 /* SongListHandle.m in Sources */,
				CCA887A31C1C163D0093B546 /* AppDelegate.m in Sources */,
				CCDBC1311C1D5328000E9AEA /* LrcDecode.m in Sources */,
				CCF8BE961C1EEC5500064EC6 /* SongPlayer.m in Sources */,
				CCDBC1251C1D45D8000E9AEA /* PlayVC.m in Sources */,
				CCA887A01C1C163D0093B546 /* main.m in Sources */,
				CCF8BE8E1C1EE4C100064EC6 /* SongModel.m in Sources */,
			);
			runOnlyForDeploymentPostprocessing = 0;
		};
		CCA887B01C1C163D0093B546 /* Sources */ = {
			isa = PBXSourcesBuildPhase;
			buildActionMask = 2147483647;
			files = (
				CCA887B91C1C163D0093B546 /* ASimpleAudioPlayerTests.m in Sources */,
			);
			runOnlyForDeploymentPostprocessing = 0;
		};
		CCA887BB1C1C163D0093B546 /* Sources */ = {
			isa = PBXSourcesBuildPhase;
			buildActionMask = 2147483647;
			files = (
				CCA887C41C1C163D0093B546 /* ASimpleAudioPlayerUITests.m in Sources */,
			);
			runOnlyForDeploymentPostprocessing = 0;
		};
/* End PBXSourcesBuildPhase section */

/* Begin PBXTargetDependency section */
		CCA887B61C1C163D0093B546 /* PBXTargetDependency */ = {
			isa = PBXTargetDependency;
			target = CCA8879A1C1C163D0093B546 /* ASimpleAudioPlayer */;
			targetProxy = CCA887B51C1C163D0093B546 /* PBXContainerItemProxy */;
		};
		CCA887C11C1C163D0093B546 /* PBXTargetDependency */ = {
			isa = PBXTargetDependency;
			target = CCA8879A1C1C163D0093B546 /* ASimpleAudioPlayer */;
			targetProxy = CCA887C01C1C163D0093B546 /* PBXContainerItemProxy */;
		};
/* End PBXTargetDependency section */

/* Begin PBXVariantGroup section */
		CCA887A71C1C163D0093B546 /* Main.storyboard */ = {
			isa = PBXVariantGroup;
			children = (
				CCA887A81C1C163D0093B546 /* Base */,
			);
			name = Main.storyboard;
			sourceTree = "<group>";
		};
		CCA887AC1C1C163D0093B546 /* LaunchScreen.storyboard */ = {
			isa = PBXVariantGroup;
			children = (
				CCA887AD1C1C163D0093B546 /* Base */,
			);
			name = LaunchScreen.storyboard;
			sourceTree = "<group>";
		};
/* End PBXVariantGroup section */

/* Begin XCBuildConfiguration section */
		CCA887C61C1C163D0093B546 /* Debug */ = {
			isa = XCBuildConfiguration;
			buildSettings = {
				ALWAYS_SEARCH_USER_PATHS = NO;
				CLANG_CXX_LANGUAGE_STANDARD = "gnu++0x";
				CLANG_CXX_LIBRARY = "libc++";
				CLANG_ENABLE_MODULES = YES;
				CLANG_ENABLE_OBJC_ARC = YES;
				CLANG_WARN_BOOL_CONVERSION = YES;
				CLANG_WARN_CONSTANT_CONVERSION = YES;
				CLANG_WARN_DIRECT_OBJC_ISA_USAGE = YES_ERROR;
				CLANG_WARN_EMPTY_BODY = YES;
				CLANG_WARN_ENUM_CONVERSION = YES;
				CLANG_WARN_INT_CONVERSION = YES;
				CLANG_WARN_OBJC_ROOT_CLASS = YES_ERROR;
				CLANG_WARN_UNREACHABLE_CODE = YES;
				CLANG_WARN__DUPLICATE_METHOD_MATCH = YES;
				"CODE_SIGN_IDENTITY[sdk=iphoneos*]" = "iPhone Developer";
				COPY_PHASE_STRIP = NO;
				DEBUG_INFORMATION_FORMAT = dwarf;
				ENABLE_STRICT_OBJC_MSGSEND = YES;
				ENABLE_TESTABILITY = YES;
				GCC_C_LANGUAGE_STANDARD = gnu99;
				GCC_DYNAMIC_NO_PIC = NO;
				GCC_NO_COMMON_BLOCKS = YES;
				GCC_OPTIMIZATION_LEVEL = 0;
				GCC_PREPROCESSOR_DEFINITIONS = (
					"DEBUG=1",
					"$(inherited)",
				);
				GCC_WARN_64_TO_32_BIT_CONVERSION = YES;
				GCC_WARN_ABOUT_RETURN_TYPE = YES_ERROR;
				GCC_WARN_UNDECLARED_SELECTOR = YES;
				GCC_WARN_UNINITIALIZED_AUTOS = YES_AGGRESSIVE;
				GCC_WARN_UNUSED_FUNCTION = YES;
				GCC_WARN_UNUSED_VARIABLE = YES;
				IPHONEOS_DEPLOYMENT_TARGET = 9.2;
				MTL_ENABLE_DEBUG_INFO = YES;
				ONLY_ACTIVE_ARCH = YES;
				SDKROOT = iphoneos;
				TARGETED_DEVICE_FAMILY = "1,2";
			};
			name = Debug;
		};
		CCA887C71C1C163D0093B546 /* Release */ = {
			isa = XCBuildConfiguration;
			buildSettings = {
				ALWAYS_SEARCH_USER_PATHS = NO;
				CLANG_CXX_LANGUAGE_STANDARD = "gnu++0x";
				CLANG_CXX_LIBRARY = "libc++";
				CLANG_ENABLE_MODULES = YES;
				CLANG_ENABLE_OBJC_ARC = YES;
				CLANG_WARN_BOOL_CONVERSION = YES;
				CLANG_WARN_CONSTANT_CONVERSION = YES;
				CLANG_WARN_DIRECT_OBJC_ISA_USAGE = YES_ERROR;
				CLANG_WARN_EMPTY_BODY = YES;
				CLANG_WARN_ENUM_CONVERSION = YES;
				CLANG_WARN_INT_CONVERSION = YES;
				CLANG_WARN_OBJC_ROOT_CLASS = YES_ERROR;
				CLANG_WARN_UNREACHABLE_CODE = YES;
				CLANG_WARN__DUPLICATE_METHOD_MATCH = YES;
				"CODE_SIGN_IDENTITY[sdk=iphoneos*]" = "iPhone Developer";
				COPY_PHASE_STRIP = NO;
				DEBUG_INFORMATION_FORMAT = "dwarf-with-dsym";
				ENABLE_NS_ASSERTIONS = NO;
				ENABLE_STRICT_OBJC_MSGSEND = YES;
				GCC_C_LANGUAGE_STANDARD = gnu99;
				GCC_NO_COMMON_BLOCKS = YES;
				GCC_WARN_64_TO_32_BIT_CONVERSION = YES;
				GCC_WARN_ABOUT_RETURN_TYPE = YES_ERROR;
				GCC_WARN_UNDECLARED_SELECTOR = YES;
				GCC_WARN_UNINITIALIZED_AUTOS = YES_AGGRESSIVE;
				GCC_WARN_UNUSED_FUNCTION = YES;
				GCC_WARN_UNUSED_VARIABLE = YES;
				IPHONEOS_DEPLOYMENT_TARGET = 9.2;
				MTL_ENABLE_DEBUG_INFO = NO;
				SDKROOT = iphoneos;
				TARGETED_DEVICE_FAMILY = "1,2";
				VALIDATE_PRODUCT = YES;
			};
			name = Release;
		};
		CCA887C91C1C163D0093B546 /* Debug */ = {
			isa = XCBuildConfiguration;
			buildSettings = {
				ASSETCATALOG_COMPILER_APPICON_NAME = AppIcon;
				INFOPLIST_FILE = ASimpleAudioPlayer/Info.plist;
				LD_RUNPATH_SEARCH_PATHS = "$(inherited) @executable_path/Frameworks";
				PRODUCT_BUNDLE_IDENTIFIER = "Sky-jay.github.io.ASimpleAudioPlayer";
				PRODUCT_NAME = "$(TARGET_NAME)";
			};
			name = Debug;
		};
		CCA887CA1C1C163D0093B546 /* Release */ = {
			isa = XCBuildConfiguration;
			buildSettings = {
				ASSETCATALOG_COMPILER_APPICON_NAME = AppIcon;
				INFOPLIST_FILE = ASimpleAudioPlayer/Info.plist;
				LD_RUNPATH_SEARCH_PATHS = "$(inherited) @executable_path/Frameworks";
				PRODUCT_BUNDLE_IDENTIFIER = "Sky-jay.github.io.ASimpleAudioPlayer";
				PRODUCT_NAME = "$(TARGET_NAME)";
			};
			name = Release;
		};
		CCA887CC1C1C163D0093B546 /* Debug */ = {
			isa = XCBuildConfiguration;
			buildSettings = {
				BUNDLE_LOADER = "$(TEST_HOST)";
				INFOPLIST_FILE = ASimpleAudioPlayerTests/Info.plist;
				LD_RUNPATH_SEARCH_PATHS = "$(inherited) @executable_path/Frameworks @loader_path/Frameworks";
				PRODUCT_BUNDLE_IDENTIFIER = "Sky-jay.github.io.ASimpleAudioPlayerTests";
				PRODUCT_NAME = "$(TARGET_NAME)";
				TEST_HOST = "$(BUILT_PRODUCTS_DIR)/ASimpleAudioPlayer.app/ASimpleAudioPlayer";
			};
			name = Debug;
		};
		CCA887CD1C1C163D0093B546 /* Release */ = {
			isa = XCBuildConfiguration;
			buildSettings = {
				BUNDLE_LOADER = "$(TEST_HOST)";
				INFOPLIST_FILE = ASimpleAudioPlayerTests/Info.plist;
				LD_RUNPATH_SEARCH_PATHS = "$(inherited) @executable_path/Frameworks @loader_path/Frameworks";
				PRODUCT_BUNDLE_IDENTIFIER = "Sky-jay.github.io.ASimpleAudioPlayerTests";
				PRODUCT_NAME = "$(TARGET_NAME)";
				TEST_HOST = "$(BUILT_PRODUCTS_DIR)/ASimpleAudioPlayer.app/ASimpleAudioPlayer";
			};
			name = Release;
		};
		CCA887CF1C1C163D0093B546 /* Debug */ = {
			isa = XCBuildConfiguration;
			buildSettings = {
				INFOPLIST_FILE = ASimpleAudioPlayerUITests/Info.plist;
				LD_RUNPATH_SEARCH_PATHS = "$(inherited) @executable_path/Frameworks @loader_path/Frameworks";
				PRODUCT_BUNDLE_IDENTIFIER = "Sky-jay.github.io.ASimpleAudioPlayerUITests";
				PRODUCT_NAME = "$(TARGET_NAME)";
				TEST_TARGET_NAME = ASimpleAudioPlayer;
				USES_XCTRUNNER = YES;
			};
			name = Debug;
		};
		CCA887D01C1C163D0093B546 /* Release */ = {
			isa = XCBuildConfiguration;
			buildSettings = {
				INFOPLIST_FILE = ASimpleAudioPlayerUITests/Info.plist;
				LD_RUNPATH_SEARCH_PATHS = "$(inherited) @executable_path/Frameworks @loader_path/Frameworks";
				PRODUCT_BUNDLE_IDENTIFIER = "Sky-jay.github.io.ASimpleAudioPlayerUITests";
				PRODUCT_NAME = "$(TARGET_NAME)";
				TEST_TARGET_NAME = ASimpleAudioPlayer;
				USES_XCTRUNNER = YES;
			};
			name = Release;
		};
/* End XCBuildConfiguration section */

/* Begin XCConfigurationList section */
		CCA887961C1C163D0093B546 /* Build configuration list for PBXProject "ASimpleAudioPlayer" */ = {
			isa = XCConfigurationList;
			buildConfigurations = (
				CCA887C61C1C163D0093B546 /* Debug */,
				CCA887C71C1C163D0093B546 /* Release */,
			);
			defaultConfigurationIsVisible = 0;
			defaultConfigurationName = Release;
		};
		CCA887C81C1C163D0093B546 /* Build configuration list for PBXNativeTarget "ASimpleAudioPlayer" */ = {
			isa = XCConfigurationList;
			buildConfigurations = (
				CCA887C91C1C163D0093B546 /* Debug */,
				CCA887CA1C1C163D0093B546 /* Release */,
			);
			defaultConfigurationIsVisible = 0;
			defaultConfigurationName = Release;
		};
		CCA887CB1C1C163D0093B546 /* Build configuration list for PBXNativeTarget "ASimpleAudioPlayerTests" */ = {
			isa = XCConfigurationList;
			buildConfigurations = (
				CCA887CC1C1C163D0093B546 /* Debug */,
				CCA887CD1C1C163D0093B546 /* Release */,
			);
			defaultConfigurationIsVisible = 0;
			defaultConfigurationName = Release;
		};
		CCA887CE1C1C163D0093B546 /* Build configuration list for PBXNativeTarget "ASimpleAudioPlayerUITests" */ = {
			isa = XCConfigurationList;
			buildConfigurations = (
				CCA887CF1C1C163D0093B546 /* Debug */,
				CCA887D01C1C163D0093B546 /* Release */,
			);
			defaultConfigurationIsVisible = 0;
			defaultConfigurationName = Release;
		};
/* End XCConfigurationList section */
	};
	rootObject = CCA887931C1C163D0093B546 /* Project object */;
}
